{
    "_readme": [
        "This file locks the dependencies of your project to a known state",
        "Read more about it at http://getcomposer.org/doc/01-basic-usage.md#composer-lock-the-lock-file",
        "This file is @generated automatically"
    ],
    "hash": "f105c9e70c1a4953dc4bbf159c17a31d",
    "packages": [
        {
            "name": "hoa/core",
            "version": "dev-master",
            "source": {
                "type": "git",
                "url": "https://github.com/hoaproject/Core.git",
                "reference": "ad5d5b18a4748ea6947c8369331cc62b7f2881c8"
            },
            "dist": {
                "type": "zip",
                "url": "https://api.github.com/repos/hoaproject/Core/zipball/ad5d5b18a4748ea6947c8369331cc62b7f2881c8",
                "reference": "ad5d5b18a4748ea6947c8369331cc62b7f2881c8",
                "shasum": ""
            },
            "require": {
                "ext-spl": "*",
                "php": ">=5.4.0"
            },
            "require-dev": {
                "hoa/test": "~1.0"
            },
            "suggest": {
                "ext-mbstring": "ext/mbstring must be present (or a third implementation).",
                "hoa/console": "To use the `hoa` script.",
                "hoa/dispatcher": "To use the `hoa` script.",
                "hoa/router": "To use the `hoa` script."
            },
            "bin": [
                "Bin/hoa"
            ],
            "type": "library",
            "extra": {
                "branch-alias": {
                    "dev-master": "2.x-dev"
                }
            },
            "autoload": {
                "psr-4": {
                    "Hoa\\Core\\": "."
                },
                "files": [
                    "Core.php"
                ]
            },
            "notification-url": "https://packagist.org/downloads/",
            "license": [
                "BSD-3-Clause"
            ],
            "authors": [
                {
                    "name": "Ivan Enderlin",
                    "email": "ivan.enderlin@hoa-project.net"
                },
                {
                    "name": "Hoa community",
                    "homepage": "http://hoa-project.net/"
                }
            ],
            "description": "The Hoa\\Core library.",
            "homepage": "http://hoa-project.net/",
            "keywords": [
                "consistency",
                "core",
                "data",
                "event",
                "library",
                "listener",
                "parameter",
                "protocol"
            ],
            "time": "2014-12-16 13:01:25"
        },
        {
            "name": "hoa/irc",
            "version": "dev-master",
            "source": {
                "type": "git",
                "url": "https://github.com/hoaproject/Irc.git",
                "reference": "9024ef75ae40ffdaaa138475980d951d02dfceb9"
            },
            "dist": {
                "type": "zip",
                "url": "https://api.github.com/repos/hoaproject/Irc/zipball/9024ef75ae40ffdaaa138475980d951d02dfceb9",
                "reference": "9024ef75ae40ffdaaa138475980d951d02dfceb9",
                "shasum": ""
            },
            "require": {
                "hoa/core": "~2.0",
                "hoa/socket": "~0.0"
            },
            "type": "library",
            "extra": {
                "branch-alias": {
                    "dev-master": "0.x-dev"
                }
            },
            "autoload": {
                "psr-4": {
                    "Hoa\\Irc\\": "."
                }
            },
            "notification-url": "https://packagist.org/downloads/",
            "license": [
                "BSD-3-Clause"
            ],
            "authors": [
                {
                    "name": "Ivan Enderlin",
                    "email": "ivan.enderlin@hoa-project.net"
                },
                {
                    "name": "Hoa community",
                    "homepage": "http://hoa-project.net/"
                }
            ],
            "description": "The Hoa\\Irc library.",
            "homepage": "http://hoa-project.net/",
            "keywords": [
                "client",
                "irc",
                "library"
            ],
            "time": "2014-12-09 12:51:15"
        },
        {
            "name": "hoa/socket",
            "version": "dev-master",
            "source": {
                "type": "git",
                "url": "https://github.com/hoaproject/Socket.git",
                "reference": "442ecbc9e5ca663052c720bb2d5915723002e2fd"
            },
            "dist": {
                "type": "zip",
                "url": "https://api.github.com/repos/hoaproject/Socket/zipball/442ecbc9e5ca663052c720bb2d5915723002e2fd",
                "reference": "442ecbc9e5ca663052c720bb2d5915723002e2fd",
                "shasum": ""
            },
            "require": {
                "hoa/core": "~2.0",
                "hoa/stream": "~0.0"
            },
            "type": "library",
            "extra": {
                "branch-alias": {
                    "dev-master": "0.x-dev"
                }
            },
            "autoload": {
                "psr-4": {
                    "Hoa\\Socket\\": "."
                }
            },
            "notification-url": "https://packagist.org/downloads/",
            "license": [
                "BSD-3-Clause"
            ],
            "authors": [
                {
                    "name": "Ivan Enderlin",
                    "email": "ivan.enderlin@hoa-project.net"
                },
                {
                    "name": "Hoa community",
                    "homepage": "http://hoa-project.net/"
                }
            ],
            "description": "The Hoa\\Socket library.",
            "homepage": "http://hoa-project.net/",
            "keywords": [
                "Socket",
                "client",
                "library",
                "node",
                "server",
                "tcp",
                "udp"
            ],
            "time": "2014-12-09 17:47:18"
        },
        {
            "name": "hoa/stream",
            "version": "dev-master",
            "source": {
                "type": "git",
                "url": "https://github.com/hoaproject/Stream.git",
                "reference": "b72466589f167685535782592aaf336851c8732a"
            },
            "dist": {
                "type": "zip",
                "url": "https://api.github.com/repos/hoaproject/Stream/zipball/b72466589f167685535782592aaf336851c8732a",
                "reference": "b72466589f167685535782592aaf336851c8732a",
                "shasum": ""
            },
            "require": {
                "hoa/core": "~2.0"
            },
            "type": "library",
            "extra": {
                "branch-alias": {
                    "dev-master": "0.x-dev"
                }
            },
            "autoload": {
                "psr-4": {
                    "Hoa\\Stream\\": "."
                }
            },
            "notification-url": "https://packagist.org/downloads/",
            "license": [
                "BSD-3-Clause"
            ],
            "authors": [
                {
                    "name": "Ivan Enderlin",
                    "email": "ivan.enderlin@hoa-project.net"
                },
                {
                    "name": "Hoa community",
                    "homepage": "http://hoa-project.net/"
                }
            ],
            "description": "The Hoa\\Stream library.",
            "homepage": "http://hoa-project.net/",
            "keywords": [
                "Context",
                "bucket",
                "composite",
                "filter",
                "in",
                "library",
                "out",
                "protocol",
                "stream",
                "wrapper"
            ],
            "time": "2014-12-09 17:48:09"
        },
        {
            "name": "marmotz/wallirc",
            "version": "dev-master",
            "source": {
                "type": "git",
                "url": "https://github.com/marmotz/WallIrc.git",
                "reference": "6211579301082082775a6cfa318aca25ba17d760"
            },
            "dist": {
                "type": "zip",
                "url": "https://api.github.com/repos/marmotz/WallIrc/zipball/6211579301082082775a6cfa318aca25ba17d760",
                "reference": "6211579301082082775a6cfa318aca25ba17d760",
                "shasum": ""
            },
            "require": {
                "hoa/irc": "~0.0",
                "symfony/yaml": "3.0.*@dev"
            },
            "require-dev": {
                "atoum/atoum": "~1.1",
                "atoum/visibility-extension": "~1.0",
                "fzaninotto/faker": "1.*",
                "marmotz/dumper": "dev-master",
                "roave/security-advisories": "dev-master"
            },
            "bin": [
                "bin/wallirc"
            ],
            "type": "library",
            "autoload": {
                "psr-4": {
                    "Marmotz\\WallIrc\\": "src",
                    "Marmotz\\WallIrc\\tests\\units\\": "tests/units"
                }
            },
            "notification-url": "https://packagist.org/downloads/",
            "license": [
                "GPL"
            ],
            "authors": [
                {
                    "name": "marmotz",
                    "email": "rlittolff@gmail.com"
                }
            ],
            "description": "A modulable irc bot.",
            "time": "2015-01-05 13:01:14"
        },
        {
            "name": "symfony/yaml",
            "version": "dev-master",
            "target-dir": "Symfony/Component/Yaml",
            "source": {
                "type": "git",
                "url": "https://github.com/symfony/Yaml.git",
                "reference": "44d09645715d04db154d8a875610bab1e486f931"
            },
            "dist": {
                "type": "zip",
                "url": "https://api.github.com/repos/symfony/Yaml/zipball/44d09645715d04db154d8a875610bab1e486f931",
                "reference": "44d09645715d04db154d8a875610bab1e486f931",
                "shasum": ""
            },
            "require": {
                "php": ">=5.5.9"
            },
            "type": "library",
            "extra": {
                "branch-alias": {
                    "dev-master": "3.0-dev"
                }
            },
            "autoload": {
                "psr-0": {
                    "Symfony\\Component\\Yaml\\": ""
                }
            },
            "notification-url": "https://packagist.org/downloads/",
            "license": [
                "MIT"
            ],
            "authors": [
                {
                    "name": "Symfony Community",
                    "homepage": "http://symfony.com/contributors"
                },
                {
                    "name": "Fabien Potencier",
                    "email": "fabien@symfony.com"
                }
            ],
            "description": "Symfony Yaml Component",
            "homepage": "http://symfony.com",
            "time": "2015-01-03 15:56:00"
        }
    ],
    "packages-dev": [
        {
            "name": "atoum/atoum",
            "version": "dev-master",
            "source": {
                "type": "git",
                "url": "https://github.com/atoum/atoum.git",
                "reference": "a2360270079f314b545b04f9e8d558734fd1e890"
            },
            "dist": {
                "type": "zip",
                "url": "https://api.github.com/repos/atoum/atoum/zipball/a2360270079f314b545b04f9e8d558734fd1e890",
                "reference": "a2360270079f314b545b04f9e8d558734fd1e890",
                "shasum": ""
            },
            "require": {
                "ext-hash": "*",
                "ext-json": "*",
                "ext-session": "*",
                "ext-tokenizer": "*",
                "ext-xml": "*",
                "php": ">=5.3.3"
            },
            "replace": {
                "mageekguy/atoum": "*"
            },
            "suggest": {
                "ext-mbstring": "Provides support for UTF-8 strings"
            },
            "bin": [
                "bin/atoum"
            ],
            "type": "library",
            "extra": {
                "branch-alias": {
                    "dev-master": "1.x-dev"
                }
            },
            "autoload": {
                "classmap": [
                    "classes/"
                ]
            },
            "notification-url": "https://packagist.org/downloads/",
            "license": [
                "BSD"
            ],
            "authors": [
                {
                    "name": "Frédéric Hardy",
                    "email": "frederic.hardy@atoum.org",
                    "homepage": "http://blog.mageekbox.net"
                },
                {
                    "name": "François Dussert",
                    "email": "francois.dussert@atoum.org"
                },
                {
                    "name": "Gérald Croes",
                    "email": "gerald.croes@atoum.org"
                },
                {
                    "name": "Julien Bianchi",
                    "email": "julien.bianchi@atoum.org"
                },
                {
                    "name": "Ludovic Fleury",
                    "email": "ludovic.fleury@atoum.org"
                }
            ],
            "description": "Simple modern and intuitive unit testing framework for PHP 5.3+",
            "homepage": "http://www.atoum.org",
            "keywords": [
                "TDD",
                "atoum",
                "test",
                "unit testing"
            ],
            "time": "2015-01-02 22:33:27"
        },
        {
            "name": "marmotz/dumper",
            "version": "dev-master",
            "source": {
                "type": "git",
                "url": "https://github.com/marmotz/Dumper.git",
                "reference": "cef52efa06d0766bee330d657be8874b1747e82a"
            },
            "dist": {
                "type": "zip",
                "url": "https://api.github.com/repos/marmotz/Dumper/zipball/cef52efa06d0766bee330d657be8874b1747e82a",
                "reference": "cef52efa06d0766bee330d657be8874b1747e82a",
                "shasum": ""
            },
            "require-dev": {
                "atoum/atoum": "dev-master"
            },
            "type": "library",
            "autoload": {
                "files": [
                    "src/Marmotz/Dumper/helpers.php"
                ],
                "psr-0": {
                    "Marmotz\\Dumper": "src"
                }
            },
            "notification-url": "https://packagist.org/downloads/",
            "license": [
                "GPL"
            ],
            "authors": [
                {
                    "name": "Renaud LITTOLFF",
                    "email": "rlittolff@gmail.com"
                }
            ],
            "description": "A pretty variable dumper for HTML & cli",
            "time": "2013-10-22 11:40:44"
        },
        {
            "name": "roave/security-advisories",
            "version": "dev-master",
            "source": {
                "type": "git",
                "url": "https://github.com/Roave/SecurityAdvisories.git",
                "reference": "fb895af1cf8b4cf77f9154277a90e7b8e6132017"
            },
            "dist": {
                "type": "zip",
                "url": "https://api.github.com/repos/Roave/SecurityAdvisories/zipball/fb895af1cf8b4cf77f9154277a90e7b8e6132017",
                "reference": "fb895af1cf8b4cf77f9154277a90e7b8e6132017",
                "shasum": ""
            },
            "conflict": {
                "doctrine/dbal": ">=2.0.0,<2.0.8|>=2.1.0,<2.1.2",
                "doctrine/doctrine-module": "<=0.7.1|<=0.7.1",
                "doctrine/orm": ">=2.0.0,<2.0.3",
                "dompdf/dompdf": ">=0.6.0,<0.6.1",
                "friendsofsymfony/rest-bundle": ">=1.2.0,<1.2.2",
                "friendsofsymfony/user-bundle": ">=1.2.0,<1.2.1|>=1.2.0,<1.2.4|>=1.2.0,<1.3.0|>=1.3.0,<1.3.5|>=1.2.0,<1.2.5|>=1.3.0,<1.3.3",
                "illuminate/auth": ">=4.0.0,<4.0.99|>=4.1.0,<4.1.26",
                "illuminate/database": ">=4.0.0,<4.0.99|>=4.1.0,<4.1.29",
                "laravel/framework": ">=4.0.0,<4.0.99|>=4.1.0,<4.1.26|>=4.0.0,<4.0.99|>=4.1.0,<4.1.29",
                "sabre/dav": ">=1.6.0,<1.6.9|>=1.7.0,<1.7.7|>=1.8.0,<1.8.5",
                "swiftmailer/swiftmailer": ">=4.0.0,<4.99.99|>=5.0.0,<5.2.1",
                "symfony/dependency-injection": ">=2.0.0,<2.0.17",
                "symfony/framework-bundle": ">=2.0.0,<2.1.0|>=2.1.0,<2.2.0|>=2.2.0,<2.3.0|>=2.3.0,<2.3.18|>=2.4.0,<2.4.8|>=2.5.0,<2.5.2",
                "symfony/http-foundation": ">=2.0.0,<2.0.19|>=2.1.0,<2.1.4|>=2.0.0,<2.0.19|>=2.0.0,<2.0.24|>=2.1.0,<2.1.12|>=2.2.0,<2.2.5|>=2.3.0,<2.3.3|>=2.0.0,<2.1.0|>=2.1.0,<2.2.0|>=2.2.0,<2.3.0|>=2.3.0,<2.3.19|>=2.4.0,<2.4.9|>=2.5.0,<2.5.4|>=2.0.0,<2.1.0|>=2.1.0,<2.2.0|>=2.2.0,<2.3.0|>=2.3.0,<2.3.19|>=2.4.0,<2.4.9|>=2.5.0,<2.5.4",
                "symfony/http-kernel": ">=2.0.0,<2.1.0|>=2.1.0,<2.2.0|>=2.2.0,<2.3.0|>=2.3.0,<2.3.19|>=2.4.0,<2.4.9|>=2.5.0,<2.5.4",
                "symfony/routing": ">=2.0.0,<2.0.17|>=2.0.0,<2.0.19",
                "symfony/security": ">=2.0.0,<2.0.19|>=2.0.0,<2.0.25|>=2.1.0,<2.1.13|>=2.2.0,<2.2.9|>=2.3.0,<2.3.6",
                "symfony/serializer": ">=2.0.0,<2.0.11",
                "symfony/symfony": ">=2.0.0,<2.0.6|>=2.0.0,<2.0.11|>=2.0.0,<2.0.17|>=2.0.0,<2.0.19|>=2.1.0,<2.1.4|>=2.0.0,<2.0.19|>=2.0.0,<2.0.20|>=2.1.0,<2.1.5|>=2.0.0,<2.0.22|>=2.0.0,<2.0.22|>=2.1.0,<2.1.7|>=2.0.0,<2.0.24|>=2.1.0,<2.1.12|>=2.2.0,<2.2.5|>=2.3.0,<2.3.3|>=2.0.0,<2.0.24|>=2.1.0,<2.1.12|>=2.2.0,<2.2.5|>=2.3.0,<2.3.3|>=2.0.0,<2.0.25|>=2.1.0,<2.1.13|>=2.2.0,<2.2.9|>=2.3.0,<2.3.6|>=2.0.0,<2.1.0|>=2.1.0,<2.2.0|>=2.2.0,<2.3.0|>=2.3.0,<2.3.19|>=2.4.0,<2.4.9|>=2.5.0,<2.5.4|>=2.0.0,<2.1.0|>=2.1.0,<2.2.0|>=2.2.0,<2.3.0|>=2.3.0,<2.3.19|>=2.4.0,<2.4.9|>=2.5.0,<2.5.4|>=2.0.0,<2.1.0|>=2.1.0,<2.2.0|>=2.2.0,<2.3.0|>=2.3.0,<2.3.19|>=2.4.0,<2.4.9|>=2.5.0,<2.5.4|>=2.0.0,<2.1.0|>=2.1.0,<2.2.0|>=2.2.0,<2.3.0|>=2.3.0,<2.3.19|>=2.4.0,<2.4.9|>=2.5.0,<2.5.4|>=2.0.0,<2.1.0|>=2.1.0,<2.2.0|>=2.2.0,<2.3.0|>=2.3.0,<2.3.19|>=2.4.0,<2.4.9|>=2.5.0,<2.5.4",
                "symfony/translation": ">=2.0.0,<2.0.17",
                "symfony/validator": ">=2.0.0,<2.0.17|>=2.0.0,<2.0.24|>=2.1.0,<2.1.12|>=2.2.0,<2.2.5|>=2.3.0,<2.3.3",
                "symfony/web-profiler-bundle": ">=2.0.0,<2.1.0|>=2.1.0,<2.2.0|>=2.2.0,<2.3.0|>=2.3.0,<2.3.19|>=2.4.0,<2.4.9|>=2.5.0,<2.5.4",
                "symfony/yaml": ">=2.0.0,<2.0.22|>=2.0.0,<2.0.22|>=2.1.0,<2.1.7",
                "twig/twig": ">=1.0.0,<1.12.3",
                "willdurand/js-translation-bundle": "<2.1.1",
                "yiisoft/yii": ">=1.1.14,<1.1.15",
                "zendframework/zend-form": ">=2.0.0,<2.2.7|>=2.3.0,<2.3.1",
                "zendframework/zend-json": ">=2.1.0,<2.1.6|>=2.2.0,<2.2.6",
                "zendframework/zend-navigation": ">=2.0.0,<2.2.7|>=2.3.0,<2.3.1",
                "zendframework/zend-view": ">=2.0.0,<2.2.7|>=2.3.0,<2.3.1",
                "zendframework/zend-xmlrpc": ">=2.1.0,<2.1.6|>=2.2.0,<2.2.6",
                "zendframework/zendframework": ">=2.0.0,<2.0.1|>=2.0.0,<2.0.5|>=2.0.0,<2.0.8|>=2.1.0,<2.1.4|>=2.0.0,<2.0.8|>=2.1.0,<2.1.4|>=2.0.0,<2.0.8|>=2.1.0,<2.1.4|>=2.2.0,<2.2.5|>=2.1.0,<2.1.6|>=2.2.0,<2.2.6|>=2.0.0,<2.2.7|>=2.3.0,<2.3.1|>=2.0.0,<2.0.99|>=2.1.0,<2.1.99|>=2.2.0,<2.2.8|>=2.3.0,<2.3.3|>=2.0.0,<2.0.99|>=2.1.0,<2.1.99|>=2.2.0,<2.2.8|>=2.3.0,<2.3.3",
                "zendframework/zendframework1": ">=1.7.0,<1.7.5|>=1.7.0,<1.7.6|>=1.9.0,<1.9.7|>=1.7.0,<1.7.9|>=1.8.0,<1.8.5|>=1.9.0,<1.9.7|>=1.7.0,<1.7.9|>=1.8.0,<1.8.5|>=1.9.0,<1.9.7|>=1.8.0,<1.8.5|>=1.9.0,<1.9.7|>=1.7.0,<1.7.9|>=1.8.0,<1.8.5|>=1.9.0,<1.9.7|>=1.7.0,<1.7.9|>=1.8.0,<1.8.5|>=1.9.0,<1.9.7|>=1.9.0,<1.9.8|>=1.10.0,<1.10.3|>=1.0.0,<1.11.4|>=1.10.0,<1.10.9|>=1.11.0,<1.11.6|>=1.0.0,<1.11.13|>=1.0.0,<1.11.13|>=1.11.0,<1.11.15|>=1.12.0,<1.12.1|>=1.12.0,<1.12.4|>=1.12.0,<1.12.4|>=1.12.0,<1.12.7|>=1.12.0,<1.12.9|>=1.12.0,<1.12.9",
                "zendframework/zendopenid": ">=2.0.0,<2.0.2",
                "zfr/zfr-oauth2-server-module": "<0.1.2"
            },
            "type": "metapackage",
            "notification-url": "https://packagist.org/downloads/",
            "license": [
                "MIT"
            ],
            "authors": [
                {
                    "name": "Marco Pivetta",
                    "email": "ocramius@gmail.com",
                    "role": "maintainer"
                }
            ],
            "description": "Prevents installation of composer packages with known security vulnerabilities: no API, simply require it",
            "time": "2014-12-14 19:07:00"
        }
    ],
    "aliases": [],
    "minimum-stability": "dev",
    "stability-flags": {
        "marmotz/wallirc": 20,
        "marmotz/dumper": 20,
        "roave/security-advisories": 20
    },
    "prefer-stable": false,
    "platform": [],
    "platform-dev": []
}
