{
    "_readme": [
        "This file locks the dependencies of your project to a known state",
        "Read more about it at http://getcomposer.org/doc/01-basic-usage.md#composer-lock-the-lock-file",
        "This file is @generated automatically"
    ],
    "hash": "3038b4c7df137a15c6436cc8c5689738",
    "packages": [
        {
            "name": "hoa/core",
            "version": "dev-master",
            "source": {
                "type": "git",
                "url": "https://github.com/hoaproject/Core.git",
                "reference": "ad5d5b18a4748ea6947c8369331cc62b7f2881c8"
            },
            "dist": {
                "type": "zip",
                "url": "https://api.github.com/repos/hoaproject/Core/zipball/ad5d5b18a4748ea6947c8369331cc62b7f2881c8",
                "reference": "ad5d5b18a4748ea6947c8369331cc62b7f2881c8",
                "shasum": ""
            },
            "require": {
                "ext-spl": "*",
                "php": ">=5.4.0"
            },
            "require-dev": {
                "hoa/test": "~1.0"
            },
            "suggest": {
                "ext-mbstring": "ext/mbstring must be present (or a third implementation).",
                "hoa/console": "To use the `hoa` script.",
                "hoa/dispatcher": "To use the `hoa` script.",
                "hoa/router": "To use the `hoa` script."
            },
            "bin": [
                "Bin/hoa"
            ],
            "type": "library",
            "extra": {
                "branch-alias": {
                    "dev-master": "2.x-dev"
                }
            },
            "autoload": {
                "psr-4": {
                    "Hoa\\Core\\": "."
                },
                "files": [
                    "Core.php"
                ]
            },
            "notification-url": "https://packagist.org/downloads/",
            "license": [
                "BSD-3-Clause"
            ],
            "authors": [
                {
                    "name": "Ivan Enderlin",
                    "email": "ivan.enderlin@hoa-project.net"
                },
                {
                    "name": "Hoa community",
                    "homepage": "http://hoa-project.net/"
                }
            ],
            "description": "The Hoa\\Core library.",
            "homepage": "http://hoa-project.net/",
            "keywords": [
                "consistency",
                "core",
                "data",
                "event",
                "library",
                "listener",
                "parameter",
                "protocol"
            ],
            "time": "2014-12-16 13:01:25"
        },
        {
            "name": "hoa/irc",
            "version": "dev-master",
            "source": {
                "type": "git",
                "url": "https://github.com/hoaproject/Irc.git",
                "reference": "9024ef75ae40ffdaaa138475980d951d02dfceb9"
            },
            "dist": {
                "type": "zip",
                "url": "https://api.github.com/repos/hoaproject/Irc/zipball/9024ef75ae40ffdaaa138475980d951d02dfceb9",
                "reference": "9024ef75ae40ffdaaa138475980d951d02dfceb9",
                "shasum": ""
            },
            "require": {
                "hoa/core": "~2.0",
                "hoa/socket": "~0.0"
            },
            "type": "library",
            "extra": {
                "branch-alias": {
                    "dev-master": "0.x-dev"
                }
            },
            "autoload": {
                "psr-4": {
                    "Hoa\\Irc\\": "."
                }
            },
            "notification-url": "https://packagist.org/downloads/",
            "license": [
                "BSD-3-Clause"
            ],
            "authors": [
                {
                    "name": "Ivan Enderlin",
                    "email": "ivan.enderlin@hoa-project.net"
                },
                {
                    "name": "Hoa community",
                    "homepage": "http://hoa-project.net/"
                }
            ],
            "description": "The Hoa\\Irc library.",
            "homepage": "http://hoa-project.net/",
            "keywords": [
                "client",
                "irc",
                "library"
            ],
            "time": "2014-12-09 12:51:15"
        },
        {
            "name": "hoa/socket",
            "version": "dev-master",
            "source": {
                "type": "git",
                "url": "https://github.com/hoaproject/Socket.git",
                "reference": "442ecbc9e5ca663052c720bb2d5915723002e2fd"
            },
            "dist": {
                "type": "zip",
                "url": "https://api.github.com/repos/hoaproject/Socket/zipball/442ecbc9e5ca663052c720bb2d5915723002e2fd",
                "reference": "442ecbc9e5ca663052c720bb2d5915723002e2fd",
                "shasum": ""
            },
            "require": {
                "hoa/core": "~2.0",
                "hoa/stream": "~0.0"
            },
            "type": "library",
            "extra": {
                "branch-alias": {
                    "dev-master": "0.x-dev"
                }
            },
            "autoload": {
                "psr-4": {
                    "Hoa\\Socket\\": "."
                }
            },
            "notification-url": "https://packagist.org/downloads/",
            "license": [
                "BSD-3-Clause"
            ],
            "authors": [
                {
                    "name": "Ivan Enderlin",
                    "email": "ivan.enderlin@hoa-project.net"
                },
                {
                    "name": "Hoa community",
                    "homepage": "http://hoa-project.net/"
                }
            ],
            "description": "The Hoa\\Socket library.",
            "homepage": "http://hoa-project.net/",
            "keywords": [
                "Socket",
                "client",
                "library",
                "node",
                "server",
                "tcp",
                "udp"
            ],
            "time": "2014-12-09 17:47:18"
        },
        {
            "name": "hoa/stream",
            "version": "dev-master",
            "source": {
                "type": "git",
                "url": "https://github.com/hoaproject/Stream.git",
                "reference": "b72466589f167685535782592aaf336851c8732a"
            },
            "dist": {
                "type": "zip",
                "url": "https://api.github.com/repos/hoaproject/Stream/zipball/b72466589f167685535782592aaf336851c8732a",
                "reference": "b72466589f167685535782592aaf336851c8732a",
                "shasum": ""
            },
            "require": {
                "hoa/core": "~2.0"
            },
            "type": "library",
            "extra": {
                "branch-alias": {
                    "dev-master": "0.x-dev"
                }
            },
            "autoload": {
                "psr-4": {
                    "Hoa\\Stream\\": "."
                }
            },
            "notification-url": "https://packagist.org/downloads/",
            "license": [
                "BSD-3-Clause"
            ],
            "authors": [
                {
                    "name": "Ivan Enderlin",
                    "email": "ivan.enderlin@hoa-project.net"
                },
                {
                    "name": "Hoa community",
                    "homepage": "http://hoa-project.net/"
                }
            ],
            "description": "The Hoa\\Stream library.",
            "homepage": "http://hoa-project.net/",
            "keywords": [
                "Context",
                "bucket",
                "composite",
                "filter",
                "in",
                "library",
                "out",
                "protocol",
                "stream",
                "wrapper"
            ],
            "time": "2014-12-09 17:48:09"
        },
        {
            "name": "marmotz/wallirc",
            "version": "dev-master",
            "source": {
                "type": "git",
                "url": "https://github.com/marmotz/WallIrc.git",
                "reference": "4f91833e3bc938ca355513741c8b97eb7b19bec7"
            },
            "dist": {
                "type": "zip",
                "url": "https://api.github.com/repos/marmotz/WallIrc/zipball/4f91833e3bc938ca355513741c8b97eb7b19bec7",
                "reference": "4f91833e3bc938ca355513741c8b97eb7b19bec7",
                "shasum": ""
            },
            "require": {
                "hoa/irc": "~0.0",
                "symfony/yaml": "3.0.*@dev"
            },
            "require-dev": {
                "atoum/atoum": "~1.1",
                "atoum/visibility-extension": "~1.0",
                "fzaninotto/faker": "1.*",
                "marmotz/dumper": "dev-master"
            },
            "bin": [
                "bin/wallirc"
            ],
            "type": "library",
            "autoload": {
                "psr-4": {
                    "Marmotz\\WallIrc\\": "src",
                    "Marmotz\\WallIrc\\tests\\units\\": "tests/units"
                }
            },
            "notification-url": "https://packagist.org/downloads/",
            "license": [
                "GPL"
            ],
            "authors": [
                {
                    "name": "marmotz",
                    "email": "rlittolff@gmail.com"
                }
            ],
            "description": "A modulable irc bot.",
            "time": "2014-12-23 22:07:25"
        },
        {
            "name": "symfony/yaml",
            "version": "dev-master",
            "target-dir": "Symfony/Component/Yaml",
            "source": {
                "type": "git",
                "url": "https://github.com/symfony/Yaml.git",
                "reference": "2c42bab3dc1de6acc489dbffb8eb66c9ba4a3cbf"
            },
            "dist": {
                "type": "zip",
                "url": "https://api.github.com/repos/symfony/Yaml/zipball/2c42bab3dc1de6acc489dbffb8eb66c9ba4a3cbf",
                "reference": "2c42bab3dc1de6acc489dbffb8eb66c9ba4a3cbf",
                "shasum": ""
            },
            "require": {
                "php": ">=5.3.3"
            },
            "type": "library",
            "extra": {
                "branch-alias": {
                    "dev-master": "3.0-dev"
                }
            },
            "autoload": {
                "psr-0": {
                    "Symfony\\Component\\Yaml\\": ""
                }
            },
            "notification-url": "https://packagist.org/downloads/",
            "license": [
                "MIT"
            ],
            "authors": [
                {
                    "name": "Symfony Community",
                    "homepage": "http://symfony.com/contributors"
                },
                {
                    "name": "Fabien Potencier",
                    "email": "fabien@symfony.com"
                }
            ],
            "description": "Symfony Yaml Component",
            "homepage": "http://symfony.com",
            "time": "2014-12-22 16:45:23"
        }
    ],
    "packages-dev": [
        {
            "name": "atoum/atoum",
            "version": "dev-master",
            "source": {
                "type": "git",
                "url": "https://github.com/atoum/atoum.git",
                "reference": "5ad65f9d2fd080e2600148ee8c361e3e56869256"
            },
            "dist": {
                "type": "zip",
                "url": "https://api.github.com/repos/atoum/atoum/zipball/5ad65f9d2fd080e2600148ee8c361e3e56869256",
                "reference": "5ad65f9d2fd080e2600148ee8c361e3e56869256",
                "shasum": ""
            },
            "require": {
                "ext-hash": "*",
                "ext-json": "*",
                "ext-session": "*",
                "ext-tokenizer": "*",
                "ext-xml": "*",
                "php": ">=5.3.3"
            },
            "replace": {
                "mageekguy/atoum": "*"
            },
            "suggest": {
                "ext-mbstring": "Provides support for UTF-8 strings"
            },
            "bin": [
                "bin/atoum"
            ],
            "type": "library",
            "extra": {
                "branch-alias": {
                    "dev-master": "1.x-dev"
                }
            },
            "autoload": {
                "classmap": [
                    "classes/"
                ]
            },
            "notification-url": "https://packagist.org/downloads/",
            "license": [
                "BSD"
            ],
            "authors": [
                {
                    "name": "Frédéric Hardy",
                    "email": "frederic.hardy@atoum.org",
                    "homepage": "http://blog.mageekbox.net"
                },
                {
                    "name": "François Dussert",
                    "email": "francois.dussert@atoum.org"
                },
                {
                    "name": "Gérald Croes",
                    "email": "gerald.croes@atoum.org"
                },
                {
                    "name": "Julien Bianchi",
                    "email": "julien.bianchi@atoum.org"
                },
                {
                    "name": "Ludovic Fleury",
                    "email": "ludovic.fleury@atoum.org"
                }
            ],
            "description": "Simple modern and intuitive unit testing framework for PHP 5.3+",
            "homepage": "http://www.atoum.org",
            "keywords": [
                "TDD",
                "atoum",
                "test",
                "unit testing"
            ],
            "time": "2014-12-22 12:05:59"
        },
        {
            "name": "marmotz/dumper",
            "version": "dev-master",
            "source": {
                "type": "git",
                "url": "https://github.com/marmotz/Dumper.git",
                "reference": "cef52efa06d0766bee330d657be8874b1747e82a"
            },
            "dist": {
                "type": "zip",
                "url": "https://api.github.com/repos/marmotz/Dumper/zipball/cef52efa06d0766bee330d657be8874b1747e82a",
                "reference": "cef52efa06d0766bee330d657be8874b1747e82a",
                "shasum": ""
            },
            "require-dev": {
                "atoum/atoum": "dev-master"
            },
            "type": "library",
            "autoload": {
                "files": [
                    "src/Marmotz/Dumper/helpers.php"
                ],
                "psr-0": {
                    "Marmotz\\Dumper": "src"
                }
            },
            "notification-url": "https://packagist.org/downloads/",
            "license": [
                "GPL"
            ],
            "authors": [
                {
                    "name": "Renaud LITTOLFF",
                    "email": "rlittolff@gmail.com"
                }
            ],
            "description": "A pretty variable dumper for HTML & cli",
            "time": "2013-10-22 11:40:44"
        }
    ],
    "aliases": [],
    "minimum-stability": "dev",
    "stability-flags": {
        "marmotz/wallirc": 20,
        "marmotz/dumper": 20
    },
    "prefer-stable": false,
    "prefer-lowest": false,
    "platform": [],
    "platform-dev": []
}
